
Microsoft Visual Studio Solution File, Format Version 12.00
# Visual Studio Version 17
VisualStudioVersion = 17.0.31903.59
MinimumVisualStudioVersion = 10.0.40219.1
Project("{FAE04EC0-301F-11D3-BF4B-00C04F79EFBC}") = "Dms.Api", "Dms.Api\Dms.Api.csproj", "{0B6E638F-2536-48E4-BDD7-0003F0AEBFA7}"
EndProject
Project("{FAE04EC0-301F-11D3-BF4B-00C04F79EFBC}") = "Dms.Core", "Dms.Core\Dms.Core.csproj", "{A820E882-33E2-4CE6-990B-99EA09B4ACF5}"
EndProject
Project("{FAE04EC0-301F-11D3-BF4B-00C04F79EFBC}") = "Dms.Infrastructure", "Dms.Infrastructure\Dms.Infrastructure.csproj", "{53D915EA-13BA-4D67-A809-9FF28F2DCE83}"
EndProject
Project("{FAE04EC0-301F-11D3-BF4B-00C04F79EFBC}") = "Dms.Api.Tests", "Dms.Api.Tests\Dms.Api.Tests.csproj", "{D6ED4731-9BFB-4C82-AF67-40BE4B18CA52}"
EndProject
Global
	GlobalSection(SolutionConfigurationPlatforms) = preSolution
		Debug|Any CPU = Debug|Any CPU
		Debug|x64 = Debug|x64
		Debug|x86 = Debug|x86
		Release|Any CPU = Release|Any CPU
		Release|x64 = Release|x64
		Release|x86 = Release|x86
	EndGlobalSection
	GlobalSection(ProjectConfigurationPlatforms) = postSolution
		{0B6E638F-2536-48E4-BDD7-0003F0AEBFA7}.Debug|Any CPU.ActiveCfg = Debug|Any CPU
		{0B6E638F-2536-48E4-BDD7-0003F0AEBFA7}.Debug|Any CPU.Build.0 = Debug|Any CPU
		{0B6E638F-2536-48E4-BDD7-0003F0AEBFA7}.Debug|x64.ActiveCfg = Debug|Any CPU
		{0B6E638F-2536-48E4-BDD7-0003F0AEBFA7}.Debug|x64.Build.0 = Debug|Any CPU
		{0B6E638F-2536-48E4-BDD7-0003F0AEBFA7}.Debug|x86.ActiveCfg = Debug|Any CPU
		{0B6E638F-2536-48E4-BDD7-0003F0AEBFA7}.Debug|x86.Build.0 = Debug|Any CPU
		{0B6E638F-2536-48E4-BDD7-0003F0AEBFA7}.Release|Any CPU.ActiveCfg = Release|Any CPU
		{0B6E638F-2536-48E4-BDD7-0003F0AEBFA7}.Release|Any CPU.Build.0 = Release|Any CPU
		{0B6E638F-2536-48E4-BDD7-0003F0AEBFA7}.Release|x64.ActiveCfg = Release|Any CPU
		{0B6E638F-2536-48E4-BDD7-0003F0AEBFA7}.Release|x64.Build.0 = Release|Any CPU
		{0B6E638F-2536-48E4-BDD7-0003F0AEBFA7}.Release|x86.ActiveCfg = Release|Any CPU
		{0B6E638F-2536-48E4-BDD7-0003F0AEBFA7}.Release|x86.Build.0 = Release|Any CPU
		{A820E882-33E2-4CE6-990B-99EA09B4ACF5}.Debug|Any CPU.ActiveCfg = Debug|Any CPU
		{A820E882-33E2-4CE6-990B-99EA09B4ACF5}.Debug|Any CPU.Build.0 = Debug|Any CPU
		{A820E882-33E2-4CE6-990B-99EA09B4ACF5}.Debug|x64.ActiveCfg = Debug|Any CPU
		{A820E882-33E2-4CE6-990B-99EA09B4ACF5}.Debug|x64.Build.0 = Debug|Any CPU
		{A820E882-33E2-4CE6-990B-99EA09B4ACF5}.Debug|x86.ActiveCfg = Debug|Any CPU
		{A820E882-33E2-4CE6-990B-99EA09B4ACF5}.Debug|x86.Build.0 = Debug|Any CPU
		{A820E882-33E2-4CE6-990B-99EA09B4ACF5}.Release|Any CPU.ActiveCfg = Release|Any CPU
		{A820E882-33E2-4CE6-990B-99EA09B4ACF5}.Release|Any CPU.Build.0 = Release|Any CPU
		{A820E882-33E2-4CE6-990B-99EA09B4ACF5}.Release|x64.ActiveCfg = Release|Any CPU
		{A820E882-33E2-4CE6-990B-99EA09B4ACF5}.Release|x64.Build.0 = Release|Any CPU
		{A820E882-33E2-4CE6-990B-99EA09B4ACF5}.Release|x86.ActiveCfg = Release|Any CPU
		{A820E882-33E2-4CE6-990B-99EA09B4ACF5}.Release|x86.Build.0 = Release|Any CPU
		{53D915EA-13BA-4D67-A809-9FF28F2DCE83}.Debug|Any CPU.ActiveCfg = Debug|Any CPU
		{53D915EA-13BA-4D67-A809-9FF28F2DCE83}.Debug|Any CPU.Build.0 = Debug|Any CPU
		{53D915EA-13BA-4D67-A809-9FF28F2DCE83}.Debug|x64.ActiveCfg = Debug|Any CPU
		{53D915EA-13BA-4D67-A809-9FF28F2DCE83}.Debug|x64.Build.0 = Debug|Any CPU
		{53D915EA-13BA-4D67-A809-9FF28F2DCE83}.Debug|x86.ActiveCfg = Debug|Any CPU
		{53D915EA-13BA-4D67-A809-9FF28F2DCE83}.Debug|x86.Build.0 = Debug|Any CPU
		{53D915EA-13BA-4D67-A809-9FF28F2DCE83}.Release|Any CPU.ActiveCfg = Release|Any CPU
		{53D915EA-13BA-4D67-A809-9FF28F2DCE83}.Release|Any CPU.Build.0 = Release|Any CPU
		{53D915EA-13BA-4D67-A809-9FF28F2DCE83}.Release|x64.ActiveCfg = Release|Any CPU
		{53D915EA-13BA-4D67-A809-9FF28F2DCE83}.Release|x64.Build.0 = Release|Any CPU
		{53D915EA-13BA-4D67-A809-9FF28F2DCE83}.Release|x86.ActiveCfg = Release|Any CPU
		{53D915EA-13BA-4D67-A809-9FF28F2DCE83}.Release|x86.Build.0 = Release|Any CPU
		{D6ED4731-9BFB-4C82-AF67-40BE4B18CA52}.Debug|Any CPU.ActiveCfg = Debug|Any CPU
		{D6ED4731-9BFB-4C82-AF67-40BE4B18CA52}.Debug|Any CPU.Build.0 = Debug|Any CPU
		{D6ED4731-9BFB-4C82-AF67-40BE4B18CA52}.Debug|x64.ActiveCfg = Debug|Any CPU
		{D6ED4731-9BFB-4C82-AF67-40BE4B18CA52}.Debug|x64.Build.0 = Debug|Any CPU
		{D6ED4731-9BFB-4C82-AF67-40BE4B18CA52}.Debug|x86.ActiveCfg = Debug|Any CPU
		{D6ED4731-9BFB-4C82-AF67-40BE4B18CA52}.Debug|x86.Build.0 = Debug|Any CPU
		{D6ED4731-9BFB-4C82-AF67-40BE4B18CA52}.Release|Any CPU.ActiveCfg = Release|Any CPU
		{D6ED4731-9BFB-4C82-AF67-40BE4B18CA52}.Release|Any CPU.Build.0 = Release|Any CPU
		{D6ED4731-9BFB-4C82-AF67-40BE4B18CA52}.Release|x64.ActiveCfg = Release|Any CPU
		{D6ED4731-9BFB-4C82-AF67-40BE4B18CA52}.Release|x64.Build.0 = Release|Any CPU
		{D6ED4731-9BFB-4C82-AF67-40BE4B18CA52}.Release|x86.ActiveCfg = Release|Any CPU
		{D6ED4731-9BFB-4C82-AF67-40BE4B18CA52}.Release|x86.Build.0 = Release|Any CPU
	EndGlobalSection
	GlobalSection(SolutionProperties) = preSolution
		HideSolutionNode = FALSE
	EndGlobalSection
EndGlobal
